{
    "requires": true,
    "lockfileVersion": 1,
    "dependencies": {
        "sweetalert2": {
            "version": "11.2.1",
            "resolved": "https://registry.npmjs.org/sweetalert2/-/sweetalert2-11.2.1.tgz",
            "integrity": "sha512-6O+Ftl3yCg58pUqMiEn58+p7bQd7h7YrAM1diSaTJcRPO23bcfVd2DI2hW3246XVlTgL+EauV76va6VN5LrfIw=="
        }
    }
}
